// !$*UTF8*$!
{
	archiveVersion = 1;
	classes = {
	};
	objectVersion = 77;
	objects = {

/* Begin PBXBuildFile section */
		CE5E0F513021BB7800EA1207 /* GoogleSignIn in Frameworks */ = {isa = PBXBuildFile; productRef = CE5E0F503021BB7800EA1207 /* GoogleSignIn */; };
		CE5E0F533021BD3F00EA1207 /* GoogleCalendarView.swift in Sources */ = {isa = PBXBuildFile; fileRef = CE5E0F523021BD3F00EA1207 /* GoogleCalendarView.swift */; };
/* End PBXBuildFile section */

/* Begin PBXContainerItemProxy section */
		CE5E0F12302185FF00EA1207 /* PBXContainerItemProxy */ = {
			isa = PBXContainerItemProxy;
			containerPortal = CE5E0EFC302185FB00EA1207 /* Project object */;
			proxyType = 1;
			remoteGlobalIDString = CE5E0F03302185FB00EA1207;
			remoteInfo = "LG Cleaning Owner";
		};
		CE5E0F1C302185FF00EA1207 /* PBXContainerItemProxy */ = {
			isa = PBXContainerItemProxy;
			containerPortal = CE5E0EFC302185FB00EA1207 /* Project object */;
			proxyType = 1;
			remoteGlobalIDString = CE5E0F03302185FB00EA1207;
			remoteInfo = "LG Cleaning Owner";
		};
/* End PBXContainerItemProxy section */

/* Begin PBXFileReference section */
		CE5E0F04302185FB00EA1207 /* LG Cleaning Owner.app */ = {isa = PBXFileReference; explicitFileType = wrapper.application; includeInIndex = 0; path = "LG Cleaning Owner.app"; sourceTree = BUILT_PRODUCTS_DIR; };
		CE5E0F11302185FF00EA1207 /* LG Cleaning OwnerTests.xctest */ = {isa = PBXFileReference; explicitFileType = wrapper.cfbundle; includeInIndex = 0; path = "LG Cleaning OwnerTests.xctest"; sourceTree = BUILT_PRODUCTS_DIR; };
		CE5E0F1B302185FF00EA1207 /* LG Cleaning OwnerUITests.xctest */ = {isa = PBXFileReference; explicitFileType = wrapper.cfbundle; includeInIndex = 0; path = "LG Cleaning OwnerUITests.xctest"; sourceTree = BUILT_PRODUCTS_DIR; };
		CE5E0F523021BD3F00EA1207 /* GoogleCalendarView.swift */ = {isa = PBXFileReference; lastKnownFileType = sourcecode.swift; path = GoogleCalendarView.swift; sourceTree = "<group>"; };
/* End PBXFileReference section */

/* Begin PBXFileSystemSynchronizedRootGroup section */
		CE5E0F06302185FB00EA1207 /* LG Cleaning Owner */ = {
			isa = PBXFileSystemSynchronizedRootGroup;
			path = "LG Cleaning Owner";
			sourceTree = "<group>";
		};
		CE5E0F14302185FF00EA1207 /* LG Cleaning OwnerTests */ = {
			isa = PBXFileSystemSynchronizedRootGroup;
			path = "LG Cleaning OwnerTests";
			sourceTree = "<group>";
		};
		CE5E0F1E302185FF00EA1207 /* LG Cleaning OwnerUITests */ = {
			isa = PBXFileSystemSynchronizedRootGroup;
			path = "LG Cleaning OwnerUITests";
			sourceTree = "<group>";
		};
/* End PBXFileSystemSynchronizedRootGroup section */

/* Begin PBXFrameworksBuildPhase section */
		CE5E0F01302185FB00EA1207 /* Frameworks */ = {
			isa = PBXFrameworksBuildPhase;
			buildActionMask = 2147483647;
			files = (
				CE5E0F513021BB7800EA1207 /* GoogleSignIn in Frameworks */,
			);
			runOnlyForDeploymentPostprocessing = 0;
		};
		CE5E0F0E302185FF00EA1207 /* Frameworks */ = {
			isa = PBXFrameworksBuildPhase;
			buildActionMask = 2147483647;
			files = (
			);
			runOnlyForDeploymentPostprocessing = 0;
		};
		CE5E0F18302185FF00EA1207 /* Frameworks */ = {
			isa = PBXFrameworksBuildPhase;
			buildActionMask = 2147483647;
			files = (
			);
			runOnlyForDeploymentPostprocessing = 0;
		};
/* End PBXFrameworksBuildPhase section */

/* Begin PBXGroup section */
		CE5E0EFB302185FB00EA1207 = {
			isa = PBXGroup;
			children = (
				CE5E0F523021BD3F00EA1207 /* GoogleCalendarView.swift */,
				CE5E0F06302185FB00EA1207 /* LG Cleaning Owner */,
				CE5E0F14302185FF00EA1207 /* LG Cleaning OwnerTests */,
				CE5E0F1E302185FF00EA1207 /* LG Cleaning OwnerUITests */,
				CE5E0F4F3021BB7800EA1207 /* Frameworks */,
				CE5E0F05302185FB00EA1207 /* Products */,
			);
			sourceTree = "<group>";
		};
		CE5E0F05302185FB00EA1207 /* Products */ = {
			isa = PBXGroup;
			children = (
				CE5E0F04302185FB00EA1207 /* LG Cleaning Owner.app */,
				CE5E0F11302185FF00EA1207 /* LG Cleaning OwnerTests.xctest */,
				CE5E0F1B302185FF00EA1207 /* LG Cleaning OwnerUITests.xctest */,
			);
			name = Products;
			sourceTree = "<group>";
		};
		CE5E0F4F3021BB7800EA1207 /* Frameworks */ = {
			isa = PBXGroup;
			children = (
			);
			name = Frameworks;
			sourceTree = "<group>";
		};
/* End PBXGroup section */

/* Begin PBXNativeTarget section */
		CE5E0F03302185FB00EA1207 /* LG Cleaning Owner */ = {
			isa = PBXNativeTarget;
			buildConfigurationList = CE5E0F25302185FF00EA1207 /* Build configuration list for PBXNativeTarget "LG Cleaning Owner" */;
			buildPhases = (
				CE5E0F00302185FB00EA1207 /* Sources */,
				CE5E0F01302185FB00EA1207 /* Frameworks */,
				CE5E0F02302185FB00EA1207 /* Resources */,
			);
			buildRules = (
			);
			dependencies = (
			);
			fileSystemSynchronizedGroups = (
				CE5E0F06302185FB00EA1207 /* LG Cleaning Owner */,
			);
			name = "LG Cleaning Owner";
			packageProductDependencies = (
				CE5E0F503021BB7800EA1207 /* GoogleSignIn */,
			);
			productName = "LG Cleaning Owner";
			productReference = CE5E0F04302185FB00EA1207 /* LG Cleaning Owner.app */;
			productType = "com.apple.product-type.application";
		};
		CE5E0F10302185FF00EA1207 /* LG Cleaning OwnerTests */ = {
			isa = PBXNativeTarget;
			buildConfigurationList = CE5E0F28302185FF00EA1207 /* Build configuration list for PBXNativeTarget "LG Cleaning OwnerTests" */;
			buildPhases = (
				CE5E0F0D302185FF00EA1207 /* Sources */,
				CE5E0F0E302185FF00EA1207 /* Frameworks */,
				CE5E0F0F302185FF00EA1207 /* Resources */,
			);
			buildRules = (
			);
			dependencies = (
				CE5E0F13302185FF00EA1207 /* PBXTargetDependency */,
			);
			fileSystemSynchronizedGroups = (
				CE5E0F14302185FF00EA1207 /* LG Cleaning OwnerTests */,
			);
			name = "LG Cleaning OwnerTests";
			packageProductDependencies = (
			);
			productName = "LG Cleaning OwnerTests";
			productReference = CE5E0F11302185FF00EA1207 /* LG Cleaning OwnerTests.xctest */;
			productType = "com.apple.product-type.bundle.unit-test";
		};
		CE5E0F1A302185FF00EA1207 /* LG Cleaning OwnerUITests */ = {
			isa = PBXNativeTarget;
			buildConfigurationList = CE5E0F2B302185FF00EA1207 /* Build configuration list for PBXNativeTarget "LG Cleaning OwnerUITests" */;
			buildPhases = (
				CE5E0F17302185FF00EA1207 /* Sources */,
				CE5E0F18302185FF00EA1207 /* Frameworks */,
				CE5E0F19302185FF00EA1207 /* Resources */,
			);
			buildRules = (
			);
			dependencies = (
				CE5E0F1D302185FF00EA1207 /* PBXTargetDependency */,
			);
			fileSystemSynchronizedGroups = (
				CE5E0F1E302185FF00EA1207 /* LG Cleaning OwnerUITests */,
			);
			name = "LG Cleaning OwnerUITests";
			packageProductDependencies = (
			);
			productName = "LG Cleaning OwnerUITests";
			productReference = CE5E0F1B302185FF00EA1207 /* LG Cleaning OwnerUITests.xctest */;
			productType = "com.apple.product-type.bundle.ui-testing";
		};
/* End PBXNativeTarget section */

/* Begin PBXProject section */
		CE5E0EFC302185FB00EA1207 /* Project object */ = {
			isa = PBXProject;
			attributes = {
				BuildIndependentTargetsInParallel = 1;
				LastSwiftUpdateCheck = 2650;
				LastUpgradeCheck = 2650;
				TargetAttributes = {
					CE5E0F03302185FB00EA1207 = {
						CreatedOnToolsVersion = 26.5;
					};
					CE5E0F10302185FF00EA1207 = {
						CreatedOnToolsVersion = 26.5;
						TestTargetID = CE5E0F03302185FB00EA1207;
					};
					CE5E0F1A302185FF00EA1207 = {
						CreatedOnToolsVersion = 26.5;
						TestTargetID = CE5E0F03302185FB00EA1207;
					};
				};
			};
			buildConfigurationList = CE5E0EFF302185FB00EA1207 /* Build configuration list for PBXProject "LG Cleaning Owner" */;
			developmentRegion = en;
			hasScannedForEncodings = 0;
			knownRegions = (
				en,
				Base,
			);
			mainGroup = CE5E0EFB302185FB00EA1207;
			minimizedProjectReferenceProxies = 1;
			packageReferences = (
				CE5E0F4A3021AD8E00EA1207 /* XCRemoteSwiftPackageReference "GoogleSignIn-iOS" */,
			);
			preferredProjectObjectVersion = 77;
			productRefGroup = CE5E0F05302185FB00EA1207 /* Products */;
			projectDirPath = "";
			projectRoot = "";
			targets = (
				CE5E0F03302185FB00EA1207 /* LG Cleaning Owner */,
				CE5E0F10302185FF00EA1207 /* LG Cleaning OwnerTests */,
				CE5E0F1A302185FF00EA1207 /* LG Cleaning OwnerUITests */,
			);
		};
/* End PBXProject section */

/* Begin PBXResourcesBuildPhase section */
		CE5E0F02302185FB00EA1207 /* Resources */ = {
			isa = PBXResourcesBuildPhase;
			buildActionMask = 2147483647;
			files = (
			);
			runOnlyForDeploymentPostprocessing = 0;
		};
		CE5E0F0F302185FF00EA1207 /* Resources */ = {
			isa = PBXResourcesBuildPhase;
			buildActionMask = 2147483647;
			files = (
			);
			runOnlyForDeploymentPostprocessing = 0;
		};
		CE5E0F19302185FF00EA1207 /* Resources */ = {
			isa = PBXResourcesBuildPhase;
			buildActionMask = 2147483647;
			files = (
			);
			runOnlyForDeploymentPostprocessing = 0;
		};
/* End PBXResourcesBuildPhase section */

/* Begin PBXSourcesBuildPhase section */
		CE5E0F00302185FB00EA1207 /* Sources */ = {
			isa = PBXSourcesBuildPhase;
			buildActionMask = 2147483647;
			files = (
				CE5E0F533021BD3F00EA1207 /* GoogleCalendarView.swift in Sources */,
			);
			runOnlyForDeploymentPostprocessing = 0;
		};
		CE5E0F0D302185FF00EA1207 /* Sources */ = {
			isa = PBXSourcesBuildPhase;
			buildActionMask = 2147483647;
			files = (
			);
			runOnlyForDeploymentPostprocessing = 0;
		};
		CE5E0F17302185FF00EA1207 /* Sources */ = {
			isa = PBXSourcesBuildPhase;
			buildActionMask = 2147483647;
			files = (
			);
			runOnlyForDeploymentPostprocessing = 0;
		};
/* End PBXSourcesBuildPhase section */

/* Begin PBXTargetDependency section */
		CE5E0F13302185FF00EA1207 /* PBXTargetDependency */ = {
			isa = PBXTargetDependency;
			target = CE5E0F03302185FB00EA1207 /* LG Cleaning Owner */;
			targetProxy = CE5E0F12302185FF00EA1207 /* PBXContainerItemProxy */;
		};
		CE5E0F1D302185FF00EA1207 /* PBXTargetDependency */ = {
			isa = PBXTargetDependency;
			target = CE5E0F03302185FB00EA1207 /* LG Cleaning Owner */;
			targetProxy = CE5E0F1C302185FF00EA1207 /* PBXContainerItemProxy */;
		};
/* End PBXTargetDependency section */

/* Begin XCBuildConfiguration section */
		CE5E0F23302185FF00EA1207 /* Debug */ = {
			isa = XCBuildConfiguration;
			buildSettings = {
				ALWAYS_SEARCH_USER_PATHS = NO;
				ASSETCATALOG_COMPILER_GENERATE_SWIFT_ASSET_SYMBOL_EXTENSIONS = YES;
				CLANG_ANALYZER_NONNULL = YES;
				CLANG_ANALYZER_NUMBER_OBJECT_CONVERSION = YES_AGGRESSIVE;
				CLANG_CXX_LANGUAGE_STANDARD = "gnu++20";
				CLANG_ENABLE_MODULES = YES;
				CLANG_ENABLE_OBJC_ARC = YES;
				CLANG_ENABLE_OBJC_WEAK = YES;
				CLANG_WARN_BLOCK_CAPTURE_AUTORELEASING = YES;
				CLANG_WARN_BOOL_CONVERSION = YES;
				CLANG_WARN_COMMA = YES;
				CLANG_WARN_CONSTANT_CONVERSION = YES;
				CLANG_WARN_DEPRECATED_OBJC_IMPLEMENTATIONS = YES;
				CLANG_WARN_DIRECT_OBJC_ISA_USAGE = YES_ERROR;
				CLANG_WARN_DOCUMENTATION_COMMENTS = YES;
				CLANG_WARN_EMPTY_BODY = YES;
				CLANG_WARN_ENUM_CONVERSION = YES;
				CLANG_WARN_INFINITE_RECURSION = YES;
				CLANG_WARN_INT_CONVERSION = YES;
				CLANG_WARN_NON_LITERAL_NULL_CONVERSION = YES;
				CLANG_WARN_OBJC_IMPLICIT_RETAIN_SELF = YES;
				CLANG_WARN_OBJC_LITERAL_CONVERSION = YES;
				CLANG_WARN_OBJC_ROOT_CLASS = YES_ERROR;
				CLANG_WARN_QUOTED_INCLUDE_IN_FRAMEWORK_HEADER = YES;
				CLANG_WARN_RANGE_LOOP_ANALYSIS = YES;
				CLANG_WARN_STRICT_PROTOTYPES = YES;
				CLANG_WARN_SUSPICIOUS_MOVE = YES;
				CLANG_WARN_UNGUARDED_AVAILABILITY = YES_AGGRESSIVE;
				CLANG_WARN_UNREACHABLE_CODE = YES;
				CLANG_WARN__DUPLICATE_METHOD_MATCH = YES;
				COPY_PHASE_STRIP = NO;
				DEBUG_INFORMATION_FORMAT = dwarf;
				ENABLE_STRICT_OBJC_MSGSEND = YES;
				ENABLE_TESTABILITY = YES;
				ENABLE_USER_SCRIPT_SANDBOXING = YES;
				GCC_C_LANGUAGE_STANDARD = gnu17;
				GCC_DYNAMIC_NO_PIC = NO;
				GCC_NO_COMMON_BLOCKS = YES;
				GCC_OPTIMIZATION_LEVEL = 0;
				GCC_PREPROCESSOR_DEFINITIONS = (
					"DEBUG=1",
					"$(inherited)",
				);
				GCC_WARN_64_TO_32_BIT_CONVERSION = YES;
				GCC_WARN_ABOUT_RETURN_TYPE = YES_ERROR;
				GCC_WARN_UNDECLARED_SELECTOR = YES;
				GCC_WARN_UNINITIALIZED_AUTOS = YES_AGGRESSIVE;
				GCC_WARN_UNUSED_FUNCTION = YES;
				GCC_WARN_UNUSED_VARIABLE = YES;
				IPHONEOS_DEPLOYMENT_TARGET = 26.5;
				LOCALIZATION_PREFERS_STRING_CATALOGS = YES;
				MTL_ENABLE_DEBUG_INFO = INCLUDE_SOURCE;
				MTL_FAST_MATH = YES;
				ONLY_ACTIVE_ARCH = YES;
				SDKROOT = iphoneos;
				SWIFT_ACTIVE_COMPILATION_CONDITIONS = "DEBUG $(inherited)";
				SWIFT_OPTIMIZATION_LEVEL = "-Onone";
			};
			name = Debug;
		};
		CE5E0F24302185FF00EA1207 /* Release */ = {
			isa = XCBuildConfiguration;
			buildSettings = {
				ALWAYS_SEARCH_USER_PATHS = NO;
				ASSETCATALOG_COMPILER_GENERATE_SWIFT_ASSET_SYMBOL_EXTENSIONS = YES;
				CLANG_ANALYZER_NONNULL = YES;
				CLANG_ANALYZER_NUMBER_OBJECT_CONVERSION = YES_AGGRESSIVE;
				CLANG_CXX_LANGUAGE_STANDARD = "gnu++20";
				CLANG_ENABLE_MODULES = YES;
				CLANG_ENABLE_OBJC_ARC = YES;
				CLANG_ENABLE_OBJC_WEAK = YES;
				CLANG_WARN_BLOCK_CAPTURE_AUTORELEASING = YES;
				CLANG_WARN_BOOL_CONVERSION = YES;
				CLANG_WARN_COMMA = YES;
				CLANG_WARN_CONSTANT_CONVERSION = YES;
				CLANG_WARN_DEPRECATED_OBJC_IMPLEMENTATIONS = YES;
				CLANG_WARN_DIRECT_OBJC_ISA_USAGE = YES_ERROR;
				CLANG_WARN_DOCUMENTATION_COMMENTS = YES;
				CLANG_WARN_EMPTY_BODY = YES;
				CLANG_WARN_ENUM_CONVERSION = YES;
				CLANG_WARN_INFINITE_RECURSION = YES;
				CLANG_WARN_INT_CONVERSION = YES;
				CLANG_WARN_NON_LITERAL_NULL_CONVERSION = YES;
				CLANG_WARN_OBJC_IMPLICIT_RETAIN_SELF = YES;
				CLANG_WARN_OBJC_LITERAL_CONVERSION = YES;
				CLANG_WARN_OBJC_ROOT_CLASS = YES_ERROR;
				CLANG_WARN_QUOTED_INCLUDE_IN_FRAMEWORK_HEADER = YES;
				CLANG_WARN_RANGE_LOOP_ANALYSIS = YES;
				CLANG_WARN_STRICT_PROTOTYPES = YES;
				CLANG_WARN_SUSPICIOUS_MOVE = YES;
				CLANG_WARN_UNGUARDED_AVAILABILITY = YES_AGGRESSIVE;
				CLANG_WARN_UNREACHABLE_CODE = YES;
				CLANG_WARN__DUPLICATE_METHOD_MATCH = YES;
				COPY_PHASE_STRIP = NO;
				DEBUG_INFORMATION_FORMAT = "dwarf-with-dsym";
				ENABLE_NS_ASSERTIONS = NO;
				ENABLE_STRICT_OBJC_MSGSEND = YES;
				ENABLE_USER_SCRIPT_SANDBOXING = YES;
				GCC_C_LANGUAGE_STANDARD = gnu17;
				GCC_NO_COMMON_BLOCKS = YES;
				GCC_WARN_64_TO_32_BIT_CONVERSION = YES;
				GCC_WARN_ABOUT_RETURN_TYPE = YES_ERROR;
				GCC_WARN_UNDECLARED_SELECTOR = YES;
				GCC_WARN_UNINITIALIZED_AUTOS = YES_AGGRESSIVE;
				GCC_WARN_UNUSED_FUNCTION = YES;
				GCC_WARN_UNUSED_VARIABLE = YES;
				IPHONEOS_DEPLOYMENT_TARGET = 26.5;
				LOCALIZATION_PREFERS_STRING_CATALOGS = YES;
				MTL_ENABLE_DEBUG_INFO = NO;
				MTL_FAST_MATH = YES;
				SDKROOT = iphoneos;
				SWIFT_COMPILATION_MODE = wholemodule;
				VALIDATE_PRODUCT = YES;
			};
			name = Release;
		};
		CE5E0F26302185FF00EA1207 /* Debug */ = {
			isa = XCBuildConfiguration;
			buildSettings = {
				ASSETCATALOG_COMPILER_APPICON_NAME = AppIcon;
				ASSETCATALOG_COMPILER_GLOBAL_ACCENT_COLOR_NAME = AccentColor;
				CODE_SIGN_STYLE = Automatic;
				CURRENT_PROJECT_VERSION = 1;
				DEVELOPMENT_TEAM = 8K272ZX4CH;
				ENABLE_PREVIEWS = YES;
				GENERATE_INFOPLIST_FILE = YES;
				INFOPLIST_FILE = "LG-Cleaning-Owner-Info.plist";
				INFOPLIST_KEY_UIApplicationSceneManifest_Generation = YES;
				INFOPLIST_KEY_UIApplicationSupportsIndirectInputEvents = YES;
				INFOPLIST_KEY_UILaunchScreen_Generation = YES;
				INFOPLIST_KEY_UISupportedInterfaceOrientations_iPad = "UIInterfaceOrientationPortrait UIInterfaceOrientationPortraitUpsideDown UIInterfaceOrientationLandscapeLeft UIInterfaceOrientationLandscapeRight";
				INFOPLIST_KEY_UISupportedInterfaceOrientations_iPhone = "UIInterfaceOrientationPortrait UIInterfaceOrientationLandscapeLeft UIInterfaceOrientationLandscapeRight";
				LD_RUNPATH_SEARCH_PATHS = (
					"$(inherited)",
					"@executable_path/Frameworks",
				);
				MARKETING_VERSION = 1.0;
				PRODUCT_BUNDLE_IDENTIFIER = "com.lgcleaning.LG-Cleaning-Owner";
				PRODUCT_NAME = "$(TARGET_NAME)";
				STRING_CATALOG_GENERATE_SYMBOLS = YES;
				SWIFT_APPROACHABLE_CONCURRENCY = YES;
				SWIFT_DEFAULT_ACTOR_ISOLATION = MainActor;
				SWIFT_EMIT_LOC_STRINGS = YES;
				SWIFT_UPCOMING_FEATURE_MEMBER_IMPORT_VISIBILITY = YES;
				SWIFT_VERSION = 5.0;
				TARGETED_DEVICE_FAMILY = "1,2";
			};
			name = Debug;
		};
		CE5E0F27302185FF00EA1207 /* Release */ = {
			isa = XCBuildConfiguration;
			buildSettings = {
				ASSETCATALOG_COMPILER_APPICON_NAME = AppIcon;
				ASSETCATALOG_COMPILER_GLOBAL_ACCENT_COLOR_NAME = AccentColor;
				CODE_SIGN_STYLE = Automatic;
				CURRENT_PROJECT_VERSION = 1;
				DEVELOPMENT_TEAM = 8K272ZX4CH;
				ENABLE_PREVIEWS = YES;
				GENERATE_INFOPLIST_FILE = YES;
				INFOPLIST_FILE = "LG-Cleaning-Owner-Info.plist";
				INFOPLIST_KEY_UIApplicationSceneManifest_Generation = YES;
				INFOPLIST_KEY_UIApplicationSupportsIndirectInputEvents = YES;
				INFOPLIST_KEY_UILaunchScreen_Generation = YES;
				INFOPLIST_KEY_UISupportedInterfaceOrientations_iPad = "UIInterfaceOrientationPortrait UIInterfaceOrientationPortraitUpsideDown UIInterfaceOrientationLandscapeLeft UIInterfaceOrientationLandscapeRight";
				INFOPLIST_KEY_UISupportedInterfaceOrientations_iPhone = "UIInterfaceOrientationPortrait UIInterfaceOrientationLandscapeLeft UIInterfaceOrientationLandscapeRight";
				LD_RUNPATH_SEARCH_PATHS = (
					"$(inherited)",
					"@executable_path/Frameworks",
				);
				MARKETING_VERSION = 1.0;
				PRODUCT_BUNDLE_IDENTIFIER = "com.lgcleaning.LG-Cleaning-Owner";
				PRODUCT_NAME = "$(TARGET_NAME)";
				STRING_CATALOG_GENERATE_SYMBOLS = YES;
				SWIFT_APPROACHABLE_CONCURRENCY = YES;
				SWIFT_DEFAULT_ACTOR_ISOLATION = MainActor;
				SWIFT_EMIT_LOC_STRINGS = YES;
				SWIFT_UPCOMING_FEATURE_MEMBER_IMPORT_VISIBILITY = YES;
				SWIFT_VERSION = 5.0;
				TARGETED_DEVICE_FAMILY = "1,2";
			};
			name = Release;
		};
		CE5E0F29302185FF00EA1207 /* Debug */ = {
			isa = XCBuildConfiguration;
			buildSettings = {
				BUNDLE_LOADER = "$(TEST_HOST)";
				CODE_SIGN_STYLE = Automatic;
				CURRENT_PROJECT_VERSION = 1;
				GENERATE_INFOPLIST_FILE = YES;
				IPHONEOS_DEPLOYMENT_TARGET = 26.5;
				MARKETING_VERSION = 1.0;
				PRODUCT_BUNDLE_IDENTIFIER = "com.lgcleaning.LG-Cleaning-OwnerTests";
				PRODUCT_NAME = "$(TARGET_NAME)";
				STRING_CATALOG_GENERATE_SYMBOLS = NO;
				SWIFT_APPROACHABLE_CONCURRENCY = YES;
				SWIFT_EMIT_LOC_STRINGS = NO;
				SWIFT_UPCOMING_FEATURE_MEMBER_IMPORT_VISIBILITY = YES;
				SWIFT_VERSION = 5.0;
				TARGETED_DEVICE_FAMILY = "1,2";
				TEST_HOST = "$(BUILT_PRODUCTS_DIR)/LG Cleaning Owner.app/$(BUNDLE_EXECUTABLE_FOLDER_PATH)/LG Cleaning Owner";
			};
			name = Debug;
		};
		CE5E0F2A302185FF00EA1207 /* Release */ = {
			isa = XCBuildConfiguration;
			buildSettings = {
				BUNDLE_LOADER = "$(TEST_HOST)";
				CODE_SIGN_STYLE = Automatic;
				CURRENT_PROJECT_VERSION = 1;
				GENERATE_INFOPLIST_FILE = YES;
				IPHONEOS_DEPLOYMENT_TARGET = 26.5;
				MARKETING_VERSION = 1.0;
				PRODUCT_BUNDLE_IDENTIFIER = "com.lgcleaning.LG-Cleaning-OwnerTests";
				PRODUCT_NAME = "$(TARGET_NAME)";
				STRING_CATALOG_GENERATE_SYMBOLS = NO;
				SWIFT_APPROACHABLE_CONCURRENCY = YES;
				SWIFT_EMIT_LOC_STRINGS = NO;
				SWIFT_UPCOMING_FEATURE_MEMBER_IMPORT_VISIBILITY = YES;
				SWIFT_VERSION = 5.0;
				TARGETED_DEVICE_FAMILY = "1,2";
				TEST_HOST = "$(BUILT_PRODUCTS_DIR)/LG Cleaning Owner.app/$(BUNDLE_EXECUTABLE_FOLDER_PATH)/LG Cleaning Owner";
			};
			name = Release;
		};
		CE5E0F2C302185FF00EA1207 /* Debug */ = {
			isa = XCBuildConfiguration;
			buildSettings = {
				CODE_SIGN_STYLE = Automatic;
				CURRENT_PROJECT_VERSION = 1;
				GENERATE_INFOPLIST_FILE = YES;
				MARKETING_VERSION = 1.0;
				PRODUCT_BUNDLE_IDENTIFIER = "com.lgcleaning.LG-Cleaning-OwnerUITests";
				PRODUCT_NAME = "$(TARGET_NAME)";
				STRING_CATALOG_GENERATE_SYMBOLS = NO;
				SWIFT_APPROACHABLE_CONCURRENCY = YES;
				SWIFT_EMIT_LOC_STRINGS = NO;
				SWIFT_UPCOMING_FEATURE_MEMBER_IMPORT_VISIBILITY = YES;
				SWIFT_VERSION = 5.0;
				TARGETED_DEVICE_FAMILY = "1,2";
				TEST_TARGET_NAME = "LG Cleaning Owner";
			};
			name = Debug;
		};
		CE5E0F2D302185FF00EA1207 /* Release */ = {
			isa = XCBuildConfiguration;
			buildSettings = {
				CODE_SIGN_STYLE = Automatic;
				CURRENT_PROJECT_VERSION = 1;
				GENERATE_INFOPLIST_FILE = YES;
				MARKETING_VERSION = 1.0;
				PRODUCT_BUNDLE_IDENTIFIER = "com.lgcleaning.LG-Cleaning-OwnerUITests";
				PRODUCT_NAME = "$(TARGET_NAME)";
				STRING_CATALOG_GENERATE_SYMBOLS = NO;
				SWIFT_APPROACHABLE_CONCURRENCY = YES;
				SWIFT_EMIT_LOC_STRINGS = NO;
				SWIFT_UPCOMING_FEATURE_MEMBER_IMPORT_VISIBILITY = YES;
				SWIFT_VERSION = 5.0;
				TARGETED_DEVICE_FAMILY = "1,2";
				TEST_TARGET_NAME = "LG Cleaning Owner";
			};
			name = Release;
		};
/* End XCBuildConfiguration section */

/* Begin XCConfigurationList section */
		CE5E0EFF302185FB00EA1207 /* Build configuration list for PBXProject "LG Cleaning Owner" */ = {
			isa = XCConfigurationList;
			buildConfigurations = (
				CE5E0F23302185FF00EA1207 /* Debug */,
				CE5E0F24302185FF00EA1207 /* Release */,
			);
			defaultConfigurationIsVisible = 0;
			defaultConfigurationName = Release;
		};
		CE5E0F25302185FF00EA1207 /* Build configuration list for PBXNativeTarget "LG Cleaning Owner" */ = {
			isa = XCConfigurationList;
			buildConfigurations = (
				CE5E0F26302185FF00EA1207 /* Debug */,
				CE5E0F27302185FF00EA1207 /* Release */,
			);
			defaultConfigurationIsVisible = 0;
			defaultConfigurationName = Release;
		};
		CE5E0F28302185FF00EA1207 /* Build configuration list for PBXNativeTarget "LG Cleaning OwnerTests" */ = {
			isa = XCConfigurationList;
			buildConfigurations = (
				CE5E0F29302185FF00EA1207 /* Debug */,
				CE5E0F2A302185FF00EA1207 /* Release */,
			);
			defaultConfigurationIsVisible = 0;
			defaultConfigurationName = Release;
		};
		CE5E0F2B302185FF00EA1207 /* Build configuration list for PBXNativeTarget "LG Cleaning OwnerUITests" */ = {
			isa = XCConfigurationList;
			buildConfigurations = (
				CE5E0F2C302185FF00EA1207 /* Debug */,
				CE5E0F2D302185FF00EA1207 /* Release */,
			);
			defaultConfigurationIsVisible = 0;
			defaultConfigurationName = Release;
		};
/* End XCConfigurationList section */

/* Begin XCRemoteSwiftPackageReference section */
		CE5E0F4A3021AD8E00EA1207 /* XCRemoteSwiftPackageReference "GoogleSignIn-iOS" */ = {
			isa = XCRemoteSwiftPackageReference;
			repositoryURL = "https://github.com/google/GoogleSignIn-iOS";
			requirement = {
				kind = upToNextMajorVersion;
				minimumVersion = 9.2.0;
			};
		};
/* End XCRemoteSwiftPackageReference section */

/* Begin XCSwiftPackageProductDependency section */
		CE5E0F503021BB7800EA1207 /* GoogleSignIn */ = {
			isa = XCSwiftPackageProductDependency;
			package = CE5E0F4A3021AD8E00EA1207 /* XCRemoteSwiftPackageReference "GoogleSignIn-iOS" */;
			productName = GoogleSignIn;
		};
/* End XCSwiftPackageProductDependency section */
	};
	rootObject = CE5E0EFC302185FB00EA1207 /* Project object */;
}
